
Microsoft Visual Studio Solution File, Format Version 12.00
# Visual Studio 2012
Project("{2857B73E-F847-4B02-9238-064979017E93}") = "webCAMotion", "webCAMotion.cproj", "{FB059199-C5DC-405B-883D-048B3808E33E}"
EndProject
Global
	GlobalSection(SolutionConfigurationPlatforms) = preSolution
		Debug|Any CPU = Debug|Any CPU
		Release|Any CPU = Release|Any CPU
	EndGlobalSection
	GlobalSection(ProjectConfigurationPlatforms) = postSolution
		{FB059199-C5DC-405B-883D-048B3808E33E}.Debug|Any CPU.ActiveCfg = Debug|Any CPU
		{FB059199-C5DC-405B-883D-048B3808E33E}.Debug|Any CPU.Build.0 = Debug|Any CPU
		{FB059199-C5DC-405B-883D-048B3808E33E}.Release|Any CPU.ActiveCfg = Release|Any CPU
		{FB059199-C5DC-405B-883D-048B3808E33E}.Release|Any CPU.Build.0 = Release|Any CPU
	EndGlobalSection
	GlobalSection(MonoDevelopProperties) = preSolution
		StartupItem = webCAMotion.cproj
	EndGlobalSection
EndGlobal
